// !$*UTF8*$!
{
	archiveVersion = 1;
	classes = {
	};
	objectVersion = 46;
	objects = {

/* Begin PBXBuildFile section */
		62E950AD1CD1B0D500499240 /* main.m in Sources */ = {isa = PBXBuildFile; fileRef = 62E950AC1CD1B0D500499240 /* main.m */; };
		62E950B01CD1B0D500499240 /* AppDelegate.m in Sources */ = {isa = PBXBuildFile; fileRef = 62E950AF1CD1B0D500499240 /* AppDelegate.m */; };
		62E950B31CD1B0D500499240 /* ViewController.m in Sources */ = {isa = PBXBuildFile; fileRef = 62E950B21CD1B0D500499240 /* ViewController.m */; };
		62E950B61CD1B0D500499240 /* Main.storyboard in Resources */ = {isa = PBXBuildFile; fileRef = 62E950B41CD1B0D500499240 /* Main.storyboard */; };
		62E950B81CD1B0D500499240 /* Assets.xcassets in Resources */ = {isa = PBXBuildFile; fileRef = 62E950B71CD1B0D500499240 /* Assets.xcassets */; };
		62E950BB1CD1B0D500499240 /* LaunchScreen.storyboard in Resources */ = {isa = PBXBuildFile; fileRef = 62E950B91CD1B0D500499240 /* LaunchScreen.storyboard */; };
/* End PBXBuildFile section */

/* Begin PBXFileReference section */
		62E950A81CD1B0D500499240 /* zhang.app */ = {isa = PBXFileReference; explicitFileType = wrapper.application; includeInIndex = 0; path = zhang.app; sourceTree = BUILT_PRODUCTS_DIR; };
		62E950AC1CD1B0D500499240 /* main.m */ = {isa = PBXFileReference; lastKnownFileType = sourcecode.c.objc; path = main.m; sourceTree = "<group>"; };
		62E950AE1CD1B0D500499240 /* AppDelegate.h */ = {isa = PBXFileReference; lastKnownFileType = sourcecode.c.h; path = AppDelegate.h; sourceTree = "<group>"; };
		62E950AF1CD1B0D500499240 /* AppDelegate.m */ = {isa = PBXFileReference; lastKnownFileType = sourcecode.c.objc; path = AppDelegate.m; sourceTree = "<group>"; };
		62E950B11CD1B0D500499240 /* ViewController.h */ = {isa = PBXFileReference; lastKnownFileType = sourcecode.c.h; path = ViewController.h; sourceTree = "<group>"; };
		62E950B21CD1B0D500499240 /* ViewController.m */ = {isa = PBXFileReference; lastKnownFileType = sourcecode.c.objc; path = ViewController.m; sourceTree = "<group>"; };
		62E950B51CD1B0D500499240 /* Base */ = {isa = PBXFileReference; lastKnownFileType = file.storyboard; name = Base; path = Base.lproj/Main.storyboard; sourceTree = "<group>"; };
		62E950B71CD1B0D500499240 /* Assets.xcassets */ = {isa = PBXFileReference; lastKnownFileType = folder.assetcatalog; path = Assets.xcassets; sourceTree = "<group>"; };
		62E950BA1CD1B0D500499240 /* Base */ = {isa = PBXFileReference; lastKnownFileType = file.storyboard; name = Base; path = Base.lproj/LaunchScreen.storyboard; sourceTree = "<group>"; };
		62E950BC1CD1B0D500499240 /* Info.plist */ = {isa = PBXFileReference; lastKnownFileType = text.plist.xml; path = Info.plist; sourceTree = "<group>"; };
/* End PBXFileReference section */

/* Begin PBXFrameworksBuildPhase section */
		62E950A51CD1B0D500499240 /* Frameworks */ = {
			isa = PBXFrameworksBuildPhase;
			buildActionMask = 2147483647;
			files = (
			);
			runOnlyForDeploymentPostprocessing = 0;
		};
/* End PBXFrameworksBuildPhase section */

/* Begin PBXGroup section */
		62E9509F1CD1B0D500499240 = {
			isa = PBXGroup;
			children = (
				62E950AA1CD1B0D500499240 /* zhang */,
				62E950A91CD1B0D500499240 /* Products */,
			);
			sourceTree = "<group>";
		};
		62E950A91CD1B0D500499240 /* Products */ = {
			isa = PBXGroup;
			children = (
				62E950A81CD1B0D500499240 /* zhang.app */,
			);
			name = Products;
			sourceTree = "<group>";
		};
		62E950AA1CD1B0D500499240 /* zhang */ = {
			isa = PBXGroup;
			children = (
				62E950AE1CD1B0D500499240 /* AppDelegate.h */,
				62E950AF1CD1B0D500499240 /* AppDelegate.m */,
				62E950B11CD1B0D500499240 /* ViewController.h */,
				62E950B21CD1B0D500499240 /* ViewController.m */,
				62E950B41CD1B0D500499240 /* Main.storyboard */,
				62E950B71CD1B0D500499240 /* Assets.xcassets */,
				62E950B91CD1B0D500499240 /* LaunchScreen.storyboard */,
				62E950BC1CD1B0D500499240 /* Info.plist */,
				62E950AB1CD1B0D500499240 /* Supporting Files */,
			);
			path = zhang;
			sourceTree = "<group>";
		};
		62E950AB1CD1B0D500499240 /* Supporting Files */ = {
			isa = PBXGroup;
			children = (
				62E950AC1CD1B0D500499240 /* main.m */,
			);
			name = "Supporting Files";
			sourceTree = "<group>";
		};
/* End PBXGroup section */

/* Begin PBXNativeTarget section */
		62E950A71CD1B0D500499240 /* zhang */ = {
			isa = PBXNativeTarget;
			buildConfigurationList = 62E950BF1CD1B0D500499240 /* Build configuration list for PBXNativeTarget "zhang" */;
			buildPhases = (
				62E950A41CD1B0D500499240 /* Sources */,
				62E950A51CD1B0D500499240 /* Frameworks */,
				62E950A61CD1B0D500499240 /* Resources */,
			);
			buildRules = (
			);
			dependencies = (
			);
			name = zhang;
			productName = zhang;
			productReference = 62E950A81CD1B0D500499240 /* zhang.app */;
			productType = "com.apple.product-type.application";
		};
/* End PBXNativeTarget section */

/* Begin PBXProject section */
		62E950A01CD1B0D500499240 /* Project object */ = {
			isa = PBXProject;
			attributes = {
				LastUpgradeCheck = 0720;
				ORGANIZATIONNAME = "张涛";
				TargetAttributes = {
					62E950A71CD1B0D500499240 = {
						CreatedOnToolsVersion = 7.2.1;
					};
				};
			};
			buildConfigurationList = 62E950A31CD1B0D500499240 /* Build configuration list for PBXProject "zhang" */;
			compatibilityVersion = "Xcode 3.2";
			developmentRegion = English;
			hasScannedForEncodings = 0;
			knownRegions = (
				en,
				Base,
			);
			mainGroup = 62E9509F1CD1B0D500499240;
			productRefGroup = 62E950A91CD1B0D500499240 /* Products */;
			projectDirPath = "";
			projectRoot = "";
			targets = (
				62E950A71CD1B0D500499240 /* zhang */,
			);
		};
/* End PBXProject section */

/* Begin PBXResourcesBuildPhase section */
		62E950A61CD1B0D500499240 /* Resources */ = {
			isa = PBXResourcesBuildPhase;
			buildActionMask = 2147483647;
			files = (
				62E950BB1CD1B0D500499240 /* LaunchScreen.storyboard in Resources */,
				62E950B81CD1B0D500499240 /* Assets.xcassets in Resources */,
				62E950B61CD1B0D500499240 /* Main.storyboard in Resources */,
			);
			runOnlyForDeploymentPostprocessing = 0;
		};
/* End PBXResourcesBuildPhase section */

/* Begin PBXSourcesBuildPhase section */
		62E950A41CD1B0D500499240 /* Sources */ = {
			isa = PBXSourcesBuildPhase;
			buildActionMask = 2147483647;
			files = (
				62E950B31CD1B0D500499240 /* ViewController.m in Sources */,
				62E950B01CD1B0D500499240 /* AppDelegate.m in Sources */,
				62E950AD1CD1B0D500499240 /* main.m in Sources */,
			);
			runOnlyForDeploymentPostprocessing = 0;
		};
/* End PBXSourcesBuildPhase section */

/* Begin PBXVariantGroup section */
		62E950B41CD1B0D500499240 /* Main.storyboard */ = {
			isa = PBXVariantGroup;
			children = (
				62E950B51CD1B0D500499240 /* Base */,
			);
			name = Main.storyboard;
			sourceTree = "<group>";
		};
		62E950B91CD1B0D500499240 /* LaunchScreen.storyboard */ = {
			isa = PBXVariantGroup;
			children = (
				62E950BA1CD1B0D500499240 /* Base */,
			);
			name = LaunchScreen.storyboard;
			sourceTree = "<group>";
		};
/* End PBXVariantGroup section */

/* Begin XCBuildConfiguration section */
		62E950BD1CD1B0D500499240 /* Debug */ = {
			isa = XCBuildConfiguration;
			buildSettings = {
				ALWAYS_SEARCH_USER_PATHS = NO;
				CLANG_CXX_LANGUAGE_STANDARD = "gnu++0x";
				CLANG_CXX_LIBRARY = "libc++";
				CLANG_ENABLE_MODULES = YES;
				CLANG_ENABLE_OBJC_ARC = YES;
				CLANG_WARN_BOOL_CONVERSION = YES;
				CLANG_WARN_CONSTANT_CONVERSION = YES;
				CLANG_WARN_DIRECT_OBJC_ISA_USAGE = YES_ERROR;
				CLANG_WARN_EMPTY_BODY = YES;
				CLANG_WARN_ENUM_CONVERSION = YES;
				CLANG_WARN_INT_CONVERSION = YES;
				CLANG_WARN_OBJC_ROOT_CLASS = YES_ERROR;
				CLANG_WARN_UNREACHABLE_CODE = YES;
				CLANG_WARN__DUPLICATE_METHOD_MATCH = YES;
				"CODE_SIGN_IDENTITY[sdk=iphoneos*]" = "iPhone Developer";
				COPY_PHASE_STRIP = NO;
				DEBUG_INFORMATION_FORMAT = dwarf;
				ENABLE_STRICT_OBJC_MSGSEND = YES;
				ENABLE_TESTABILITY = YES;
				GCC_C_LANGUAGE_STANDARD = gnu99;
				GCC_DYNAMIC_NO_PIC = NO;
				GCC_NO_COMMON_BLOCKS = YES;
				GCC_OPTIMIZATION_LEVEL = 0;
				GCC_PREPROCESSOR_DEFINITIONS = (
					"DEBUG=1",
					"$(inherited)",
				);
				GCC_WARN_64_TO_32_BIT_CONVERSION = YES;
				GCC_WARN_ABOUT_RETURN_TYPE = YES_ERROR;
				GCC_WARN_UNDECLARED_SELECTOR = YES;
				GCC_WARN_UNINITIALIZED_AUTOS = YES_AGGRESSIVE;
				GCC_WARN_UNUSED_FUNCTION = YES;
				GCC_WARN_UNUSED_VARIABLE = YES;
				IPHONEOS_DEPLOYMENT_TARGET = 9.2;
				MTL_ENABLE_DEBUG_INFO = YES;
				ONLY_ACTIVE_ARCH = YES;
				SDKROOT = iphoneos;
				TARGETED_DEVICE_FAMILY = "1,2";
			};
			name = Debug;
		};
		62E950BE1CD1B0D500499240 /* Release */ = {
			isa = XCBuildConfiguration;
			buildSettings = {
				ALWAYS_SEARCH_USER_PATHS = NO;
				CLANG_CXX_LANGUAGE_STANDARD = "gnu++0x";
				CLANG_CXX_LIBRARY = "libc++";
				CLANG_ENABLE_MODULES = YES;
				CLANG_ENABLE_OBJC_ARC = YES;
				CLANG_WARN_BOOL_CONVERSION = YES;
				CLANG_WARN_CONSTANT_CONVERSION = YES;
				CLANG_WARN_DIRECT_OBJC_ISA_USAGE = YES_ERROR;
				CLANG_WARN_EMPTY_BODY = YES;
				CLANG_WARN_ENUM_CONVERSION = YES;
				CLANG_WARN_INT_CONVERSION = YES;
				CLANG_WARN_OBJC_ROOT_CLASS = YES_ERROR;
				CLANG_WARN_UNREACHABLE_CODE = YES;
				CLANG_WARN__DUPLICATE_METHOD_MATCH = YES;
				"CODE_SIGN_IDENTITY[sdk=iphoneos*]" = "iPhone Developer";
				COPY_PHASE_STRIP = NO;
				DEBUG_INFORMATION_FORMAT = "dwarf-with-dsym";
				ENABLE_NS_ASSERTIONS = NO;
				ENABLE_STRICT_OBJC_MSGSEND = YES;
				GCC_C_LANGUAGE_STANDARD = gnu99;
				GCC_NO_COMMON_BLOCKS = YES;
				GCC_WARN_64_TO_32_BIT_CONVERSION = YES;
				GCC_WARN_ABOUT_RETURN_TYPE = YES_ERROR;
				GCC_WARN_UNDECLARED_SELECTOR = YES;
				GCC_WARN_UNINITIALIZED_AUTOS = YES_AGGRESSIVE;
				GCC_WARN_UNUSED_FUNCTION = YES;
				GCC_WARN_UNUSED_VARIABLE = YES;
				IPHONEOS_DEPLOYMENT_TARGET = 9.2;
				MTL_ENABLE_DEBUG_INFO = NO;
				SDKROOT = iphoneos;
				TARGETED_DEVICE_FAMILY = "1,2";
				VALIDATE_PRODUCT = YES;
			};
			name = Release;
		};
		62E950C01CD1B0D500499240 /* Debug */ = {
			isa = XCBuildConfiguration;
			buildSettings = {
				ASSETCATALOG_COMPILER_APPICON_NAME = AppIcon;
				INFOPLIST_FILE = zhang/Info.plist;
				LD_RUNPATH_SEARCH_PATHS = "$(inherited) @executable_path/Frameworks";
				PRODUCT_BUNDLE_IDENTIFIER = "--.zhang";
				PRODUCT_NAME = "$(TARGET_NAME)";
			};
			name = Debug;
		};
		62E950C11CD1B0D500499240 /* Release */ = {
			isa = XCBuildConfiguration;
			buildSettings = {
				ASSETCATALOG_COMPILER_APPICON_NAME = AppIcon;
				INFOPLIST_FILE = zhang/Info.plist;
				LD_RUNPATH_SEARCH_PATHS = "$(inherited) @executable_path/Frameworks";
				PRODUCT_BUNDLE_IDENTIFIER = "--.zhang";
				PRODUCT_NAME = "$(TARGET_NAME)";
			};
			name = Release;
		};
/* End XCBuildConfiguration section */

/* Begin XCConfigurationList section */
		62E950A31CD1B0D500499240 /* Build configuration list for PBXProject "zhang" */ = {
			isa = XCConfigurationList;
			buildConfigurations = (
				62E950BD1CD1B0D500499240 /* Debug */,
				62E950BE1CD1B0D500499240 /* Release */,
			);
			defaultConfigurationIsVisible = 0;
			defaultConfigurationName = Release;
		};
		62E950BF1CD1B0D500499240 /* Build configuration list for PBXNativeTarget "zhang" */ = {
			isa = XCConfigurationList;
			buildConfigurations = (
				62E950C01CD1B0D500499240 /* Debug */,
				62E950C11CD1B0D500499240 /* Release */,
			);
			defaultConfigurationIsVisible = 0;
		};
/* End XCConfigurationList section */
	};
	rootObject = 62E950A01CD1B0D500499240 /* Project object */;
}
